
Microsoft Visual Studio Solution File, Format Version 12.00
# Visual Studio Version 17
VisualStudioVersion = 17.1.32210.238
MinimumVisualStudioVersion = 10.0.40219.1
Project("{9A19103F-16F7-4668-BE54-9A1E7A4F7556}") = "my-pilet", "my-pilet\my-pilet.csproj", "{B9D519F0-69EA-4CB9-8FEF-1E1E5097F649}"
EndProject
Project("{FAE04EC0-301F-11D3-BF4B-00C04F79EFBC}") = "component-lib", "component-lib\component-lib.csproj", "{FD2E030F-0804-4528-966B-41E4E167DFEA}"
EndProject
Global
	GlobalSection(SolutionConfigurationPlatforms) = preSolution
		Debug|Any CPU = Debug|Any CPU
		Release|Any CPU = Release|Any CPU
	EndGlobalSection
	GlobalSection(ProjectConfigurationPlatforms) = postSolution
		{B9D519F0-69EA-4CB9-8FEF-1E1E5097F649}.Debug|Any CPU.ActiveCfg = Debug|Any CPU
		{B9D519F0-69EA-4CB9-8FEF-1E1E5097F649}.Debug|Any CPU.Build.0 = Debug|Any CPU
		{B9D519F0-69EA-4CB9-8FEF-1E1E5097F649}.Release|Any CPU.ActiveCfg = Release|Any CPU
		{B9D519F0-69EA-4CB9-8FEF-1E1E5097F649}.Release|Any CPU.Build.0 = Release|Any CPU
		{FD2E030F-0804-4528-966B-41E4E167DFEA}.Debug|Any CPU.ActiveCfg = Debug|Any CPU
		{FD2E030F-0804-4528-966B-41E4E167DFEA}.Debug|Any CPU.Build.0 = Debug|Any CPU
		{FD2E030F-0804-4528-966B-41E4E167DFEA}.Release|Any CPU.ActiveCfg = Release|Any CPU
		{FD2E030F-0804-4528-966B-41E4E167DFEA}.Release|Any CPU.Build.0 = Release|Any CPU
	EndGlobalSection
	GlobalSection(SolutionProperties) = preSolution
		HideSolutionNode = FALSE
	EndGlobalSection
	GlobalSection(ExtensibilityGlobals) = postSolution
		SolutionGuid = {803F4DBD-7F0C-4E6E-B09F-7F34C98822FB}
	EndGlobalSection
EndGlobal
